<?xml version="1.0" encoding="utf-8"?>
<Project ToolsVersion="4.0" xmlns="http://schemas.microsoft.com/developer/msbuild/2003">
  <ItemGroup>
    <ClCompile Include="UI\DropdownMenu.cpp" />
    <ClCompile Include="UI\Button.cpp" />
    <ClCompile Include="Controller\DragHandler.cpp" />
    <ClCompile Include="UI\AssetManager.cpp" />
    <ClCompile Include="UI\SchematicComponent.cpp" />
    <ClCompile Include="Controller\Controller.cpp" />
    <ClCompile Include="Core\Circuit.cpp" />
    <ClCompile Include="Core\CircuitSolver.cpp" />
    <ClCompile Include="Core\Component.cpp" />
    <ClCompile Include="CircuitSim.cpp" />
    <ClCompile Include="UI\Grid.cpp" />
    <ClCompile Include="UI\UI_Manager.cpp" />
    <ClCompile Include="Controller\PlaceHandler.cpp" />
    <ClCompile Include="Debug.cpp" />
    <ClCompile Include="UI\Renderer.cpp" />
    <ClCompile Include="Controller\CameraController.cpp" />
    <ClCompile Include="Core\ElectricalNode.cpp" />
    <ClCompile Include="Core\Wire.cpp" />
    <ClCompile Include="Controller\WireHandler.cpp" />
    <ClCompile Include="Controller\SelectionBoxHandler.cpp" />
    <ClCompile Include="Geometry.cpp" />
    <ClCompile Include="Controller\DeleteHandler.cpp" />
    <ClCompile Include="Controller\EditComponentHandler.cpp" />
    <ClCompile Include="UI\Dialog.cpp" />
    <ClCompile Include="UI\TextBox.cpp" />
    <ClCompile Include="UI\ComponentInfoDisplay.cpp" />
  </ItemGroup>
  <ItemGroup>
    <ClInclude Include="UI\AssetManager.h">
      <Filter>HeaderFiles</Filter>
    </ClInclude>
    <ClInclude Include="UI\Button.h">
      <Filter>HeaderFiles</Filter>
    </ClInclude>
    <ClInclude Include="Controller\CameraController.h">
      <Filter>HeaderFiles</Filter>
    </ClInclude>
    <ClInclude Include="Core\Circuit.h">
      <Filter>HeaderFiles</Filter>
    </ClInclude>
    <ClInclude Include="Core\CircuitSolver.h">
      <Filter>HeaderFiles</Filter>
    </ClInclude>
    <ClInclude Include="Core\Component.h">
      <Filter>HeaderFiles</Filter>
    </ClInclude>
    <ClInclude Include="UI\ComponentInfoDisplay.h">
      <Filter>HeaderFiles</Filter>
    </ClInclude>
    <ClInclude Include="Config.h">
      <Filter>HeaderFiles</Filter>
    </ClInclude>
    <ClInclude Include="Controller\Controller.h">
      <Filter>HeaderFiles</Filter>
    </ClInclude>
    <ClInclude Include="Debug.h">
      <Filter>HeaderFiles</Filter>
    </ClInclude>
    <ClInclude Include="Controller\DeleteHandler.h">
      <Filter>HeaderFiles</Filter>
    </ClInclude>
    <ClInclude Include="UI\Dialog.h">
      <Filter>HeaderFiles</Filter>
    </ClInclude>
    <ClInclude Include="Controller\DragHandler.h">
      <Filter>HeaderFiles</Filter>
    </ClInclude>
    <ClInclude Include="UI\DropdownMenu.h">
      <Filter>HeaderFiles</Filter>
    </ClInclude>
    <ClInclude Include="Controller\EditComponentHandler.h">
      <Filter>HeaderFiles</Filter>
    </ClInclude>
    <ClInclude Include="Core\ElectricalNode.h">
      <Filter>HeaderFiles</Filter>
    </ClInclude>
    <ClInclude Include="Geometry.h">
      <Filter>HeaderFiles</Filter>
    </ClInclude>
    <ClInclude Include="UI\Grid.h">
      <Filter>HeaderFiles</Filter>
    </ClInclude>
    <ClInclude Include="Controller\InputHandler.h">
      <Filter>HeaderFiles</Filter>
    </ClInclude>
    <ClInclude Include="Controller\PlaceHandler.h">
      <Filter>HeaderFiles</Filter>
    </ClInclude>
    <ClInclude Include="UI\Renderer.h">
      <Filter>HeaderFiles</Filter>
    </ClInclude>
    <ClInclude Include="UI\SchematicComponent.h">
      <Filter>HeaderFiles</Filter>
    </ClInclude>
    <ClInclude Include="Controller\SelectionBoxHandler.h">
      <Filter>HeaderFiles</Filter>
    </ClInclude>
    <ClInclude Include="UI\TextBox.h">
      <Filter>HeaderFiles</Filter>
    </ClInclude>
    <ClInclude Include="UI\UI_Manager.h">
      <Filter>HeaderFiles</Filter>
    </ClInclude>
    <ClInclude Include="Core\Wire.h">
      <Filter>HeaderFiles</Filter>
    </ClInclude>
    <ClInclude Include="Controller\WireHandler.h">
      <Filter>HeaderFiles</Filter>
    </ClInclude>
  </ItemGroup>
  <ItemGroup>
    <Font Include="UI\Fonts\AnonymousPro-Regular.ttf" />
    <Font Include="UI\Fonts\ARIAL.TTF" />
    <Font Include="UI\Fonts\Kreon-Medium.ttf" />
    <Font Include="UI\Fonts\NotoSans-Regular.ttf" />
  </ItemGroup>
  <ItemGroup>
    <Filter Include="HeaderFiles">
      <UniqueIdentifier>{98cd3b29-9358-4361-b7bf-0d7f4843b193}</UniqueIdentifier>
    </Filter>
  </ItemGroup>
</Project>