<?xml version="1.0" encoding="utf-8"?>
<Project ToolsVersion="4.0" xmlns="http://schemas.microsoft.com/developer/msbuild/2003">
  <ItemGroup>
    <ClCompile Include="UI\DropdownMenu.cpp" />
    <ClCompile Include="UI\Button.cpp" />
    <ClCompile Include="Controller\CameraHandler.cpp" />
    <ClCompile Include="Controller\DragHandler.cpp" />
    <ClCompile Include="UI\AssetManager.cpp" />
    <ClCompile Include="UI\SchematicComponent.cpp" />
    <ClCompile Include="UI\Camera.cpp" />
    <ClCompile Include="Controller\Controller.cpp" />
    <ClCompile Include="Core\Circuit.cpp" />
    <ClCompile Include="Core\CircuitSolver.cpp" />
    <ClCompile Include="Core\Component.cpp" />
    <ClCompile Include="CircuitSim.cpp" />
    <ClCompile Include="UI\Grid.cpp" />
    <ClCompile Include="UI\UI_Manager.cpp" />
    <ClCompile Include="Controller\PlaceHandler.cpp" />
    <ClCompile Include="Debug.cpp" />
    <ClCompile Include="UI\Renderer.cpp" />
  </ItemGroup>
  <ItemGroup>
    <ClInclude Include="UI\DropdownMenu.h" />
    <ClInclude Include="UI\Button.h" />
    <ClInclude Include="Controller\CameraHandler.h" />
    <ClInclude Include="Controller\DragHandler.h" />
    <ClInclude Include="Controller\InputHandler.h" />
    <ClInclude Include="UI\AssetManager.h" />
    <ClInclude Include="UI\SchematicComponent.h" />
    <ClInclude Include="UI\Camera.h" />
    <ClInclude Include="Config.h" />
    <ClInclude Include="Controller\Controller.h" />
    <ClInclude Include="Core\Circuit.h" />
    <ClInclude Include="Core\CircuitSolver.h" />
    <ClInclude Include="Core\Component.h" />
    <ClInclude Include="UI\Grid.h" />
    <ClInclude Include="UI\UI_Manager.h" />
    <ClInclude Include="Controller\PlaceHandler.h" />
    <ClInclude Include="Debug.h" />
    <ClInclude Include="UI\Renderer.h" />
  </ItemGroup>
  <ItemGroup>
    <Font Include="UI\Fonts\AnonymousPro-Regular.ttf" />
    <Font Include="UI\Fonts\ARIAL.TTF" />
    <Font Include="UI\Fonts\Kreon-Medium.ttf" />
    <Font Include="UI\Fonts\NotoSans-Regular.ttf" />
  </ItemGroup>
</Project>